// !$*UTF8*$!
{
	archiveVersion = 1;
	classes = {
	};
	objectVersion = 56;
	objects = {

/* Begin PBXBuildFile section */
		7D317115297C5FC400585395 /* NetworkChangeApp.swift in Sources */ = {isa = PBXBuildFile; fileRef = 7D317114297C5FC400585395 /* NetworkChangeApp.swift */; };
		7D317117297C5FC400585395 /* ContentView.swift in Sources */ = {isa = PBXBuildFile; fileRef = 7D317116297C5FC400585395 /* ContentView.swift */; };
		7D317119297C5FC600585395 /* Assets.xcassets in Resources */ = {isa = PBXBuildFile; fileRef = 7D317118297C5FC600585395 /* Assets.xcassets */; };
		7D31711C297C5FC600585395 /* Preview Assets.xcassets in Resources */ = {isa = PBXBuildFile; fileRef = 7D31711B297C5FC600585395 /* Preview Assets.xcassets */; };
		7D317124297C604A00585395 /* UserModel.swift in Sources */ = {isa = PBXBuildFile; fileRef = 7D317123297C604A00585395 /* UserModel.swift */; };
		7D317127297C608B00585395 /* WebService.swift in Sources */ = {isa = PBXBuildFile; fileRef = 7D317126297C608B00585395 /* WebService.swift */; };
		7D31712A297C631F00585395 /* UserViewModel.swift in Sources */ = {isa = PBXBuildFile; fileRef = 7D317129297C631F00585395 /* UserViewModel.swift */; };
		7D31712D297C641900585395 /* Constants.swift in Sources */ = {isa = PBXBuildFile; fileRef = 7D31712C297C641900585395 /* Constants.swift */; };
		7D31712F297C670F00585395 /* users.json in Resources */ = {isa = PBXBuildFile; fileRef = 7D31712E297C670F00585395 /* users.json */; };
		7D317131297C672800585395 /* LocalService.swift in Sources */ = {isa = PBXBuildFile; fileRef = 7D317130297C672800585395 /* LocalService.swift */; };
		7D317133297C68C300585395 /* NetworkService.swift in Sources */ = {isa = PBXBuildFile; fileRef = 7D317132297C68C300585395 /* NetworkService.swift */; };
/* End PBXBuildFile section */

/* Begin PBXFileReference section */
		7D317111297C5FC400585395 /* NetworkChange.app */ = {isa = PBXFileReference; explicitFileType = wrapper.application; includeInIndex = 0; path = NetworkChange.app; sourceTree = BUILT_PRODUCTS_DIR; };
		7D317114297C5FC400585395 /* NetworkChangeApp.swift */ = {isa = PBXFileReference; lastKnownFileType = sourcecode.swift; path = NetworkChangeApp.swift; sourceTree = "<group>"; };
		7D317116297C5FC400585395 /* ContentView.swift */ = {isa = PBXFileReference; lastKnownFileType = sourcecode.swift; path = ContentView.swift; sourceTree = "<group>"; };
		7D317118297C5FC600585395 /* Assets.xcassets */ = {isa = PBXFileReference; lastKnownFileType = folder.assetcatalog; path = Assets.xcassets; sourceTree = "<group>"; };
		7D31711B297C5FC600585395 /* Preview Assets.xcassets */ = {isa = PBXFileReference; lastKnownFileType = folder.assetcatalog; path = "Preview Assets.xcassets"; sourceTree = "<group>"; };
		7D317123297C604A00585395 /* UserModel.swift */ = {isa = PBXFileReference; lastKnownFileType = sourcecode.swift; path = UserModel.swift; sourceTree = "<group>"; };
		7D317126297C608B00585395 /* WebService.swift */ = {isa = PBXFileReference; lastKnownFileType = sourcecode.swift; path = WebService.swift; sourceTree = "<group>"; };
		7D317129297C631F00585395 /* UserViewModel.swift */ = {isa = PBXFileReference; lastKnownFileType = sourcecode.swift; path = UserViewModel.swift; sourceTree = "<group>"; };
		7D31712C297C641900585395 /* Constants.swift */ = {isa = PBXFileReference; lastKnownFileType = sourcecode.swift; path = Constants.swift; sourceTree = "<group>"; };
		7D31712E297C670F00585395 /* users.json */ = {isa = PBXFileReference; fileEncoding = 4; lastKnownFileType = text.json; path = users.json; sourceTree = "<group>"; };
		7D317130297C672800585395 /* LocalService.swift */ = {isa = PBXFileReference; lastKnownFileType = sourcecode.swift; path = LocalService.swift; sourceTree = "<group>"; };
		7D317132297C68C300585395 /* NetworkService.swift */ = {isa = PBXFileReference; lastKnownFileType = sourcecode.swift; path = NetworkService.swift; sourceTree = "<group>"; };
/* End PBXFileReference section */

/* Begin PBXFrameworksBuildPhase section */
		7D31710E297C5FC400585395 /* Frameworks */ = {
			isa = PBXFrameworksBuildPhase;
			buildActionMask = 2147483647;
			files = (
			);
			runOnlyForDeploymentPostprocessing = 0;
		};
/* End PBXFrameworksBuildPhase section */

/* Begin PBXGroup section */
		7D317108297C5FC400585395 = {
			isa = PBXGroup;
			children = (
				7D317113297C5FC400585395 /* NetworkChange */,
				7D317112297C5FC400585395 /* Products */,
			);
			sourceTree = "<group>";
		};
		7D317112297C5FC400585395 /* Products */ = {
			isa = PBXGroup;
			children = (
				7D317111297C5FC400585395 /* NetworkChange.app */,
			);
			name = Products;
			sourceTree = "<group>";
		};
		7D317113297C5FC400585395 /* NetworkChange */ = {
			isa = PBXGroup;
			children = (
				7D31712E297C670F00585395 /* users.json */,
				7D317128297C630900585395 /* ViewModel */,
				7D317125297C607800585395 /* WebService */,
				7D317122297C603E00585395 /* Model */,
				7D31712B297C640D00585395 /* Constans */,
				7D317114297C5FC400585395 /* NetworkChangeApp.swift */,
				7D317116297C5FC400585395 /* ContentView.swift */,
				7D317118297C5FC600585395 /* Assets.xcassets */,
				7D31711A297C5FC600585395 /* Preview Content */,
			);
			path = NetworkChange;
			sourceTree = "<group>";
		};
		7D31711A297C5FC600585395 /* Preview Content */ = {
			isa = PBXGroup;
			children = (
				7D31711B297C5FC600585395 /* Preview Assets.xcassets */,
			);
			path = "Preview Content";
			sourceTree = "<group>";
		};
		7D317122297C603E00585395 /* Model */ = {
			isa = PBXGroup;
			children = (
				7D317123297C604A00585395 /* UserModel.swift */,
			);
			path = Model;
			sourceTree = "<group>";
		};
		7D317125297C607800585395 /* WebService */ = {
			isa = PBXGroup;
			children = (
				7D317126297C608B00585395 /* WebService.swift */,
				7D317130297C672800585395 /* LocalService.swift */,
				7D317132297C68C300585395 /* NetworkService.swift */,
			);
			path = WebService;
			sourceTree = "<group>";
		};
		7D317128297C630900585395 /* ViewModel */ = {
			isa = PBXGroup;
			children = (
				7D317129297C631F00585395 /* UserViewModel.swift */,
			);
			path = ViewModel;
			sourceTree = "<group>";
		};
		7D31712B297C640D00585395 /* Constans */ = {
			isa = PBXGroup;
			children = (
				7D31712C297C641900585395 /* Constants.swift */,
			);
			path = Constans;
			sourceTree = "<group>";
		};
/* End PBXGroup section */

/* Begin PBXNativeTarget section */
		7D317110297C5FC400585395 /* NetworkChange */ = {
			isa = PBXNativeTarget;
			buildConfigurationList = 7D31711F297C5FC600585395 /* Build configuration list for PBXNativeTarget "NetworkChange" */;
			buildPhases = (
				7D31710D297C5FC400585395 /* Sources */,
				7D31710E297C5FC400585395 /* Frameworks */,
				7D31710F297C5FC400585395 /* Resources */,
			);
			buildRules = (
			);
			dependencies = (
			);
			name = NetworkChange;
			productName = NetworkChange;
			productReference = 7D317111297C5FC400585395 /* NetworkChange.app */;
			productType = "com.apple.product-type.application";
		};
/* End PBXNativeTarget section */

/* Begin PBXProject section */
		7D317109297C5FC400585395 /* Project object */ = {
			isa = PBXProject;
			attributes = {
				BuildIndependentTargetsInParallel = 1;
				LastSwiftUpdateCheck = 1400;
				LastUpgradeCheck = 1400;
				TargetAttributes = {
					7D317110297C5FC400585395 = {
						CreatedOnToolsVersion = 14.0.1;
					};
				};
			};
			buildConfigurationList = 7D31710C297C5FC400585395 /* Build configuration list for PBXProject "NetworkChange" */;
			compatibilityVersion = "Xcode 14.0";
			developmentRegion = en;
			hasScannedForEncodings = 0;
			knownRegions = (
				en,
				Base,
			);
			mainGroup = 7D317108297C5FC400585395;
			productRefGroup = 7D317112297C5FC400585395 /* Products */;
			projectDirPath = "";
			projectRoot = "";
			targets = (
				7D317110297C5FC400585395 /* NetworkChange */,
			);
		};
/* End PBXProject section */

/* Begin PBXResourcesBuildPhase section */
		7D31710F297C5FC400585395 /* Resources */ = {
			isa = PBXResourcesBuildPhase;
			buildActionMask = 2147483647;
			files = (
				7D31712F297C670F00585395 /* users.json in Resources */,
				7D31711C297C5FC600585395 /* Preview Assets.xcassets in Resources */,
				7D317119297C5FC600585395 /* Assets.xcassets in Resources */,
			);
			runOnlyForDeploymentPostprocessing = 0;
		};
/* End PBXResourcesBuildPhase section */

/* Begin PBXSourcesBuildPhase section */
		7D31710D297C5FC400585395 /* Sources */ = {
			isa = PBXSourcesBuildPhase;
			buildActionMask = 2147483647;
			files = (
				7D317117297C5FC400585395 /* ContentView.swift in Sources */,
				7D317124297C604A00585395 /* UserModel.swift in Sources */,
				7D317133297C68C300585395 /* NetworkService.swift in Sources */,
				7D317127297C608B00585395 /* WebService.swift in Sources */,
				7D31712A297C631F00585395 /* UserViewModel.swift in Sources */,
				7D317115297C5FC400585395 /* NetworkChangeApp.swift in Sources */,
				7D317131297C672800585395 /* LocalService.swift in Sources */,
				7D31712D297C641900585395 /* Constants.swift in Sources */,
			);
			runOnlyForDeploymentPostprocessing = 0;
		};
/* End PBXSourcesBuildPhase section */

/* Begin XCBuildConfiguration section */
		7D31711D297C5FC600585395 /* Debug */ = {
			isa = XCBuildConfiguration;
			buildSettings = {
				ALWAYS_SEARCH_USER_PATHS = NO;
				CLANG_ANALYZER_NONNULL = YES;
				CLANG_ANALYZER_NUMBER_OBJECT_CONVERSION = YES_AGGRESSIVE;
				CLANG_CXX_LANGUAGE_STANDARD = "gnu++20";
				CLANG_ENABLE_MODULES = YES;
				CLANG_ENABLE_OBJC_ARC = YES;
				CLANG_ENABLE_OBJC_WEAK = YES;
				CLANG_WARN_BLOCK_CAPTURE_AUTORELEASING = YES;
				CLANG_WARN_BOOL_CONVERSION = YES;
				CLANG_WARN_COMMA = YES;
				CLANG_WARN_CONSTANT_CONVERSION = YES;
				CLANG_WARN_DEPRECATED_OBJC_IMPLEMENTATIONS = YES;
				CLANG_WARN_DIRECT_OBJC_ISA_USAGE = YES_ERROR;
				CLANG_WARN_DOCUMENTATION_COMMENTS = YES;
				CLANG_WARN_EMPTY_BODY = YES;
				CLANG_WARN_ENUM_CONVERSION = YES;
				CLANG_WARN_INFINITE_RECURSION = YES;
				CLANG_WARN_INT_CONVERSION = YES;
				CLANG_WARN_NON_LITERAL_NULL_CONVERSION = YES;
				CLANG_WARN_OBJC_IMPLICIT_RETAIN_SELF = YES;
				CLANG_WARN_OBJC_LITERAL_CONVERSION = YES;
				CLANG_WARN_OBJC_ROOT_CLASS = YES_ERROR;
				CLANG_WARN_QUOTED_INCLUDE_IN_FRAMEWORK_HEADER = YES;
				CLANG_WARN_RANGE_LOOP_ANALYSIS = YES;
				CLANG_WARN_STRICT_PROTOTYPES = YES;
				CLANG_WARN_SUSPICIOUS_MOVE = YES;
				CLANG_WARN_UNGUARDED_AVAILABILITY = YES_AGGRESSIVE;
				CLANG_WARN_UNREACHABLE_CODE = YES;
				CLANG_WARN__DUPLICATE_METHOD_MATCH = YES;
				COPY_PHASE_STRIP = NO;
				DEBUG_INFORMATION_FORMAT = dwarf;
				ENABLE_STRICT_OBJC_MSGSEND = YES;
				ENABLE_TESTABILITY = YES;
				GCC_C_LANGUAGE_STANDARD = gnu11;
				GCC_DYNAMIC_NO_PIC = NO;
				GCC_NO_COMMON_BLOCKS = YES;
				GCC_OPTIMIZATION_LEVEL = 0;
				GCC_PREPROCESSOR_DEFINITIONS = (
					"DEBUG=1",
					"$(inherited)",
				);
				GCC_WARN_64_TO_32_BIT_CONVERSION = YES;
				GCC_WARN_ABOUT_RETURN_TYPE = YES_ERROR;
				GCC_WARN_UNDECLARED_SELECTOR = YES;
				GCC_WARN_UNINITIALIZED_AUTOS = YES_AGGRESSIVE;
				GCC_WARN_UNUSED_FUNCTION = YES;
				GCC_WARN_UNUSED_VARIABLE = YES;
				IPHONEOS_DEPLOYMENT_TARGET = 16.0;
				MTL_ENABLE_DEBUG_INFO = INCLUDE_SOURCE;
				MTL_FAST_MATH = YES;
				ONLY_ACTIVE_ARCH = YES;
				SDKROOT = iphoneos;
				SWIFT_ACTIVE_COMPILATION_CONDITIONS = DEBUG;
				SWIFT_OPTIMIZATION_LEVEL = "-Onone";
			};
			name = Debug;
		};
		7D31711E297C5FC600585395 /* Release */ = {
			isa = XCBuildConfiguration;
			buildSettings = {
				ALWAYS_SEARCH_USER_PATHS = NO;
				CLANG_ANALYZER_NONNULL = YES;
				CLANG_ANALYZER_NUMBER_OBJECT_CONVERSION = YES_AGGRESSIVE;
				CLANG_CXX_LANGUAGE_STANDARD = "gnu++20";
				CLANG_ENABLE_MODULES = YES;
				CLANG_ENABLE_OBJC_ARC = YES;
				CLANG_ENABLE_OBJC_WEAK = YES;
				CLANG_WARN_BLOCK_CAPTURE_AUTORELEASING = YES;
				CLANG_WARN_BOOL_CONVERSION = YES;
				CLANG_WARN_COMMA = YES;
				CLANG_WARN_CONSTANT_CONVERSION = YES;
				CLANG_WARN_DEPRECATED_OBJC_IMPLEMENTATIONS = YES;
				CLANG_WARN_DIRECT_OBJC_ISA_USAGE = YES_ERROR;
				CLANG_WARN_DOCUMENTATION_COMMENTS = YES;
				CLANG_WARN_EMPTY_BODY = YES;
				CLANG_WARN_ENUM_CONVERSION = YES;
				CLANG_WARN_INFINITE_RECURSION = YES;
				CLANG_WARN_INT_CONVERSION = YES;
				CLANG_WARN_NON_LITERAL_NULL_CONVERSION = YES;
				CLANG_WARN_OBJC_IMPLICIT_RETAIN_SELF = YES;
				CLANG_WARN_OBJC_LITERAL_CONVERSION = YES;
				CLANG_WARN_OBJC_ROOT_CLASS = YES_ERROR;
				CLANG_WARN_QUOTED_INCLUDE_IN_FRAMEWORK_HEADER = YES;
				CLANG_WARN_RANGE_LOOP_ANALYSIS = YES;
				CLANG_WARN_STRICT_PROTOTYPES = YES;
				CLANG_WARN_SUSPICIOUS_MOVE = YES;
				CLANG_WARN_UNGUARDED_AVAILABILITY = YES_AGGRESSIVE;
				CLANG_WARN_UNREACHABLE_CODE = YES;
				CLANG_WARN__DUPLICATE_METHOD_MATCH = YES;
				COPY_PHASE_STRIP = NO;
				DEBUG_INFORMATION_FORMAT = "dwarf-with-dsym";
				ENABLE_NS_ASSERTIONS = NO;
				ENABLE_STRICT_OBJC_MSGSEND = YES;
				GCC_C_LANGUAGE_STANDARD = gnu11;
				GCC_NO_COMMON_BLOCKS = YES;
				GCC_WARN_64_TO_32_BIT_CONVERSION = YES;
				GCC_WARN_ABOUT_RETURN_TYPE = YES_ERROR;
				GCC_WARN_UNDECLARED_SELECTOR = YES;
				GCC_WARN_UNINITIALIZED_AUTOS = YES_AGGRESSIVE;
				GCC_WARN_UNUSED_FUNCTION = YES;
				GCC_WARN_UNUSED_VARIABLE = YES;
				IPHONEOS_DEPLOYMENT_TARGET = 16.0;
				MTL_ENABLE_DEBUG_INFO = NO;
				MTL_FAST_MATH = YES;
				SDKROOT = iphoneos;
				SWIFT_COMPILATION_MODE = wholemodule;
				SWIFT_OPTIMIZATION_LEVEL = "-O";
				VALIDATE_PRODUCT = YES;
			};
			name = Release;
		};
		7D317120297C5FC600585395 /* Debug */ = {
			isa = XCBuildConfiguration;
			buildSettings = {
				ASSETCATALOG_COMPILER_APPICON_NAME = AppIcon;
				ASSETCATALOG_COMPILER_GLOBAL_ACCENT_COLOR_NAME = AccentColor;
				CODE_SIGN_STYLE = Automatic;
				CURRENT_PROJECT_VERSION = 1;
				DEVELOPMENT_ASSET_PATHS = "\"NetworkChange/Preview Content\"";
				DEVELOPMENT_TEAM = 34G99QRS57;
				ENABLE_PREVIEWS = YES;
				GENERATE_INFOPLIST_FILE = YES;
				INFOPLIST_KEY_UIApplicationSceneManifest_Generation = YES;
				INFOPLIST_KEY_UIApplicationSupportsIndirectInputEvents = YES;
				INFOPLIST_KEY_UILaunchScreen_Generation = YES;
				INFOPLIST_KEY_UISupportedInterfaceOrientations_iPad = "UIInterfaceOrientationPortrait UIInterfaceOrientationPortraitUpsideDown UIInterfaceOrientationLandscapeLeft UIInterfaceOrientationLandscapeRight";
				INFOPLIST_KEY_UISupportedInterfaceOrientations_iPhone = "UIInterfaceOrientationPortrait UIInterfaceOrientationLandscapeLeft UIInterfaceOrientationLandscapeRight";
				LD_RUNPATH_SEARCH_PATHS = (
					"$(inherited)",
					"@executable_path/Frameworks",
				);
				MARKETING_VERSION = 1.0;
				PRODUCT_BUNDLE_IDENTIFIER = com.engingulek.NetworkChange;
				PRODUCT_NAME = "$(TARGET_NAME)";
				SWIFT_EMIT_LOC_STRINGS = YES;
				SWIFT_VERSION = 5.0;
				TARGETED_DEVICE_FAMILY = "1,2";
			};
			name = Debug;
		};
		7D317121297C5FC600585395 /* Release */ = {
			isa = XCBuildConfiguration;
			buildSettings = {
				ASSETCATALOG_COMPILER_APPICON_NAME = AppIcon;
				ASSETCATALOG_COMPILER_GLOBAL_ACCENT_COLOR_NAME = AccentColor;
				CODE_SIGN_STYLE = Automatic;
				CURRENT_PROJECT_VERSION = 1;
				DEVELOPMENT_ASSET_PATHS = "\"NetworkChange/Preview Content\"";
				DEVELOPMENT_TEAM = 34G99QRS57;
				ENABLE_PREVIEWS = YES;
				GENERATE_INFOPLIST_FILE = YES;
				INFOPLIST_KEY_UIApplicationSceneManifest_Generation = YES;
				INFOPLIST_KEY_UIApplicationSupportsIndirectInputEvents = YES;
				INFOPLIST_KEY_UILaunchScreen_Generation = YES;
				INFOPLIST_KEY_UISupportedInterfaceOrientations_iPad = "UIInterfaceOrientationPortrait UIInterfaceOrientationPortraitUpsideDown UIInterfaceOrientationLandscapeLeft UIInterfaceOrientationLandscapeRight";
				INFOPLIST_KEY_UISupportedInterfaceOrientations_iPhone = "UIInterfaceOrientationPortrait UIInterfaceOrientationLandscapeLeft UIInterfaceOrientationLandscapeRight";
				LD_RUNPATH_SEARCH_PATHS = (
					"$(inherited)",
					"@executable_path/Frameworks",
				);
				MARKETING_VERSION = 1.0;
				PRODUCT_BUNDLE_IDENTIFIER = com.engingulek.NetworkChange;
				PRODUCT_NAME = "$(TARGET_NAME)";
				SWIFT_EMIT_LOC_STRINGS = YES;
				SWIFT_VERSION = 5.0;
				TARGETED_DEVICE_FAMILY = "1,2";
			};
			name = Release;
		};
/* End XCBuildConfiguration section */

/* Begin XCConfigurationList section */
		7D31710C297C5FC400585395 /* Build configuration list for PBXProject "NetworkChange" */ = {
			isa = XCConfigurationList;
			buildConfigurations = (
				7D31711D297C5FC600585395 /* Debug */,
				7D31711E297C5FC600585395 /* Release */,
			);
			defaultConfigurationIsVisible = 0;
			defaultConfigurationName = Release;
		};
		7D31711F297C5FC600585395 /* Build configuration list for PBXNativeTarget "NetworkChange" */ = {
			isa = XCConfigurationList;
			buildConfigurations = (
				7D317120297C5FC600585395 /* Debug */,
				7D317121297C5FC600585395 /* Release */,
			);
			defaultConfigurationIsVisible = 0;
			defaultConfigurationName = Release;
		};
/* End XCConfigurationList section */
	};
	rootObject = 7D317109297C5FC400585395 /* Project object */;
}
